{
  "name": "testpublishednpmmodule",
  "version": "1.0.0",
  "lockfileVersion": 2,
  "requires": true,
  "packages": {
    "": {
      "name": "testpublishednpmmodule",
      "version": "1.0.0",
      "license": "ISC",
      "dependencies": {
        "easyshadows": "^1.0.0"
      }
    },
    "node_modules/easyshadows": {
      "version": "1.0.0",
      "resolved": "https://registry.npmjs.org/easyshadows/-/easyshadows-1.0.0.tgz",
      "integrity": "sha512-wYs9rt8tFLUvhUirMpHKRowPpdH0uQnqZC/9ORAM+CwS+kpIv+aJ2vI/UzW4TMMDJ1cgm2JZjdHHb//Y59zXMA=="
    }
  },
  "dependencies": {
    "easyshadows": {
      "version": "1.0.0",
      "resolved": "https://registry.npmjs.org/easyshadows/-/easyshadows-1.0.0.tgz",
      "integrity": "sha512-wYs9rt8tFLUvhUirMpHKRowPpdH0uQnqZC/9ORAM+CwS+kpIv+aJ2vI/UzW4TMMDJ1cgm2JZjdHHb//Y59zXMA=="
    }
  }
}
